{
    "_meta": {
        "hash": {
            "sha256": "9b3af759b940080d1ebc9a7144878f39b9fa16c450b3ceb2e03a92501e7c4e74"
        },
        "pipfile-spec": 6,
        "requires": {
            "python_version": "3.9"
        },
        "sources": [
            {
                "name": "pypi",
                "url": "https://pypi.python.org/simple",
                "verify_ssl": true
            }
        ]
    },
    "default": {
        "beautifulsoup4": {
            "hashes": [
                "sha256:05668158c7b85b791c5abde53e50265e16f98ad601c402ba44d70f96c4159612",
                "sha256:25288c9e176f354bf277c0a10aa96c782a6a18a17122dba2e8cec4a97e03343b",
                "sha256:f040590be10520f2ea4c2ae8c3dae441c7cfff5308ec9d58a0ec0c1b8f81d469"
            ],
            "index": "pypi",
            "version": "==4.8.0"
        },
        "certifi": {
            "hashes": [
                "sha256:1a4995114262bffbc2413b159f2a1a480c969de6e6eb13ee966d470af86af59c",
                "sha256:719a74fb9e33b9bd44cc7f3a8d94bc35e4049deebe19ba7d8e108280cfd59830"
            ],
            "index": "pypi",
            "version": "==2020.12.5"
        },
        "chardet": {
            "hashes": [
                "sha256:0d6f53a15db4120f2b08c94f11e7d93d2c911ee118b6b30a04ec3ee8310179fa",
                "sha256:f864054d66fd9118f2e67044ac8981a54775ec5b67aed0441892edb553d21da5"
            ],
            "markers": "python_version >= '2.7' and python_version not in '3.0, 3.1, 3.2, 3.3, 3.4'",
            "version": "==4.0.0"
        },
        "html5lib": {
            "hashes": [
                "sha256:0d78f8fde1c230e99fe37986a60526d7049ed4bf8a9fadbad5f00e22e58e041d",
                "sha256:b2e5b40261e20f354d198eae92afc10d750afb487ed5e50f9c4eaf07c184146f"
            ],
            "markers": "python_version >= '2.7' and python_version not in '3.0, 3.1, 3.2, 3.3, 3.4'",
            "version": "==1.1"
        },
        "idna": {
            "hashes": [
                "sha256:b307872f855b18632ce0c21c5e45be78c0ea7ae4c15c828c20788b26921eb3f6",
                "sha256:b97d804b1e9b523befed77c48dacec60e6dcb0b5391d57af6a65a312a90648c0"
            ],
            "markers": "python_version >= '2.7' and python_version not in '3.0, 3.1, 3.2, 3.3'",
            "version": "==2.10"
        },
        "pillow": {
            "hashes": [
                "sha256:011233e0c42a4a7836498e98c1acf5e744c96a67dd5032a6f666cc1fb97eab97",
                "sha256:0f29d831e2151e0b7b39981756d201f7108d3d215896212ffe2e992d06bfe049",
                "sha256:12875d118f21cf35604176872447cdb57b07126750a33748bac15e77f90f1f9c",
                "sha256:14d4b1341ac07ae07eb2cc682f459bec932a380c3b122f5540432d8977e64eae",
                "sha256:1c3c33ac69cf059bbb9d1a71eeaba76781b450bc307e2291f8a4764d779a6b28",
                "sha256:1d19397351f73a88904ad1aee421e800fe4bbcd1aeee6435fb62d0a05ccd1030",
                "sha256:253e8a302a96df6927310a9d44e6103055e8fb96a6822f8b7f514bb7ef77de56",
                "sha256:2632d0f846b7c7600edf53c48f8f9f1e13e62f66a6dbc15191029d950bfed976",
                "sha256:335ace1a22325395c4ea88e00ba3dc89ca029bd66bd5a3c382d53e44f0ccd77e",
                "sha256:413ce0bbf9fc6278b2d63309dfeefe452835e1c78398efb431bab0672fe9274e",
                "sha256:5100b45a4638e3c00e4d2320d3193bdabb2d75e79793af7c3eb139e4f569f16f",
                "sha256:514ceac913076feefbeaf89771fd6febde78b0c4c1b23aaeab082c41c694e81b",
                "sha256:528a2a692c65dd5cafc130de286030af251d2ee0483a5bf50c9348aefe834e8a",
                "sha256:6295f6763749b89c994fcb6d8a7f7ce03c3992e695f89f00b741b4580b199b7e",
                "sha256:6c8bc8238a7dfdaf7a75f5ec5a663f4173f8c367e5a39f87e720495e1eed75fa",
                "sha256:718856856ba31f14f13ba885ff13874be7fefc53984d2832458f12c38205f7f7",
                "sha256:7f7609a718b177bf171ac93cea9fd2ddc0e03e84d8fa4e887bdfc39671d46b00",
                "sha256:80ca33961ced9c63358056bd08403ff866512038883e74f3a4bf88ad3eb66838",
                "sha256:80fe64a6deb6fcfdf7b8386f2cf216d329be6f2781f7d90304351811fb591360",
                "sha256:81c4b81611e3a3cb30e59b0cf05b888c675f97e3adb2c8672c3154047980726b",
                "sha256:855c583f268edde09474b081e3ddcd5cf3b20c12f26e0d434e1386cc5d318e7a",
                "sha256:9bfdb82cdfeccec50aad441afc332faf8606dfa5e8efd18a6692b5d6e79f00fd",
                "sha256:a5d24e1d674dd9d72c66ad3ea9131322819ff86250b30dc5821cbafcfa0b96b4",
                "sha256:a9f44cd7e162ac6191491d7249cceb02b8116b0f7e847ee33f739d7cb1ea1f70",
                "sha256:b5b3f092fe345c03bca1e0b687dfbb39364b21ebb8ba90e3fa707374b7915204",
                "sha256:b9618823bd237c0d2575283f2939655f54d51b4527ec3972907a927acbcc5bfc",
                "sha256:cef9c85ccbe9bee00909758936ea841ef12035296c748aaceee535969e27d31b",
                "sha256:d21237d0cd37acded35154e29aec853e945950321dd2ffd1a7d86fe686814669",
                "sha256:d3c5c79ab7dfce6d88f1ba639b77e77a17ea33a01b07b99840d6ed08031cb2a7",
                "sha256:d9d7942b624b04b895cb95af03a23407f17646815495ce4547f0e60e0b06f58e",
                "sha256:db6d9fac65bd08cea7f3540b899977c6dee9edad959fa4eaf305940d9cbd861c",
                "sha256:ede5af4a2702444a832a800b8eb7f0a7a1c0eed55b644642e049c98d589e5092",
                "sha256:effb7749713d5317478bb3acb3f81d9d7c7f86726d41c1facca068a04cf5bb4c",
                "sha256:f154d173286a5d1863637a7dcd8c3437bb557520b01bddb0be0258dcb72696b5",
                "sha256:f25ed6e28ddf50de7e7ea99d7a976d6a9c415f03adcaac9c41ff6ff41b6d86ac"
            ],
            "index": "pypi",
            "version": "==9.0.1"
        },
        "pypdf2": {
            "hashes": [
                "sha256:e28f902f2f0a1603ea95ebe21dff311ef09be3d0f0ef29a3e44a932729564385"
            ],
            "version": "==1.26.0"
        },
        "pyqt5": {
            "hashes": [
                "sha256:213bebd51821ed89b4d5b35bb10dbe67564228b3568f463a351a08e8b1677025",
                "sha256:2a69597e0dd11caabe75fae133feca66387819fc9bc050f547e5551bce97e5be",
                "sha256:883a549382fc22d29a0568f3ef20b38c8e7ab633a59498ac4eb63a3bf36d3fd3",
                "sha256:8c0848ba790a895801d5bfd171da31cad3e551dbcc4e59677a3b622de2ceca98",
                "sha256:a88526a271e846e44779bb9ad7a738c6d3c4a9d01e15a128ecfc6dd4696393b7"
            ],
            "index": "pypi",
            "version": "==5.15.4"
        },
        "pyqt5-qt5": {
            "hashes": [
                "sha256:1988f364ec8caf87a6ee5d5a3a5210d57539988bf8e84714c7d60972692e2f4a",
                "sha256:750b78e4dba6bdf1607febedc08738e318ea09e9b10aea9ff0d73073f11f6962",
                "sha256:76980cd3d7ae87e3c7a33bfebfaee84448fd650bad6840471d6cae199b56e154",
                "sha256:9cc7a768b1921f4b982ebc00a318ccb38578e44e45316c7a4a850e953e1dd327"
            ],
            "version": "==5.15.2"
        },
        "pyqt5-sip": {
            "hashes": [
                "sha256:2d21420b0739df2607864e2c80ca01994bc40cb116da6ad024ea8d9f407b0356",
                "sha256:2f24f299b44c511c23796aafbbb581bfdebf78d0905657b7cee2141b4982030e",
                "sha256:53e23dcc0fc3857204abd47660e383b930941bd1aeaf3c78ed59c5c12dd48010",
                "sha256:5740a1770d6b92a5dca8bb0bda4620baf0d7a726beb864f69c667ddac91d6f64",
                "sha256:5d59c4a5e856a35c41b47f5a23e1635b38cd1672f4f0122a68ebcb6889523ff2",
                "sha256:5e641182bfee0501267c55e687832e4efe05becdae9e555d3695d706009b6598",
                "sha256:6b2e553e21b7ff124007a6b9168f8bb8c171fdf230d31ca0588df180f10bacbe",
                "sha256:78ef8f1f41819661aa8e3117d6c1cd76fa14aef265e5bfd515dbfc64d412416b",
                "sha256:7ee08ad0ebf85b935f5d8d38306f8665fff9a6026c14fc0a7d780649e889c096",
                "sha256:82c1b3080db7634fa318fddbb3cfaa30e63a67bca1001a76958c31f30b774a9d",
                "sha256:8fe5b3e4bbb8b472d05631cad21028d073f9f8eda770041449514cb3824a867f",
                "sha256:9699286fcdf4f75a4b91c7e4832c0f926af18d648c62a4ed72dd294c1a93705a",
                "sha256:989d51c41456cc496cb96f0b341464932b957040d26561f0bb4cf5a0914d6b36",
                "sha256:b56aedf7b0a496e4a8bd6087566888cea448aa01c76126cdb8b140e3ff3f5d93",
                "sha256:c9a977d2835a5fbf250b00d61267dc228bdec9e20c7420d4e8d54d6f20410f87",
                "sha256:ce7a8b3af9db378c46b345d9809d481a74c4bfcd3129486c054fbdbc6a3503f9",
                "sha256:cec6ebf0b1163b18f09bc523160c467a9528b6dca129753827ac0bc432b332ae",
                "sha256:cfaad4a773c18b963092589b1a98153d36624601de8597a4dc287e5a295d5625",
                "sha256:e2792af660da7479799f53028da88190ae8b4a0ad5acc2acbfd6c7bbfe110d58",
                "sha256:ee188eac5fd94dfe8d9e04a9e7fbda65c3535d5709278d8b7367ebd54f00e27f",
                "sha256:ffd25051962c593d1c3c30188b9fbd8589ba17acd23a0202dc987bd3552fa611"
            ],
            "markers": "python_version >= '3.5'",
            "version": "==12.9.1"
        },
        "reportlab": {
            "hashes": [
                "sha256:0cf2206c73fbca752c8bd39e12bb9ad7f2d01e6fcb2b25b9eaf94ea042fe86c9",
                "sha256:0d670e119d7f7a68a1136de024464999e8e3d5d1491f23cdd39d5d72481af88f",
                "sha256:1656722530b3bbce012b093abf6290ab76dcba39d21f9e703310b008ddc7ffe9",
                "sha256:1e41b441542881e007420530bbc028f08c0f546ecaaebdf9f065f901acdac106",
                "sha256:34d827c771d6b4d7b45f7fc49a638c97fbd8a0fab6c9d3838ff04d307420b739",
                "sha256:370c5225f0c395a9f1482ac8d4f974d2073548f186eaf49ceb91414f534ad4d8",
                "sha256:42b90b0cb3556f4d1cc1c538345abc249b6ff58939d3af5e37f5fa8421d9ae07",
                "sha256:492bd47aabeaa3215cde7a8d3c0d88c909bf7e6b63f0b511a645f1ffc1e948f6",
                "sha256:4c5785b018ed6f48e762737deaa6b7528b0ba43ad67fca566bf10d0337a76dcd",
                "sha256:519ef25d49fe807c6c0402abb5fe4d14b47a8e2358050d8d7673beecfbe116b2",
                "sha256:51a2d5de2c605117cd25dfb3f51d1d14caf1cbed4ef6db582f085eeb0a0c922f",
                "sha256:55ef4476b2cdecfa643ae4d7591aa157568f903c378c83ea544650b33b2d856d",
                "sha256:5b4acfb15ca028bbc652a6c8d63073dec2a3c8c0db7585d68b96b52940f65899",
                "sha256:5c483c96d4cbeb4919ad9fcf2f262e8e08e34dcbcf8d2bda16263ef002c890d4",
                "sha256:5c931032aa955431c808e469eb0780ca7d12b39228a02ae7ea09f63d47b1e260",
                "sha256:6a3119d0e985e5c7dadfcf29fb79bbab19806b08ad901622b23f5868c0221fce",
                "sha256:72bb5417f198eb059f01d5a9e1ef80f2fbaf3eaa4cd63e9a681bbbd0ed9fcdf9",
                "sha256:8cd355f8a4c7c126a246f4b4a9803c80498939709bb37d3db4f8dbee1eb7d8f0",
                "sha256:9517f26a512a62d49fc4800222b306e21a14ceec8bd82c93182313ef1eefaa7a",
                "sha256:9945e80a0a6e370f90a23907cc70a0811e808f79420fb9051e26d9c79eb8e26b",
                "sha256:9989737a409235a734ec783b0545f2966247b26ff555e847f3d0f945e5a11493",
                "sha256:9c0d71aef4fb5d30dc6ebd08a2bce317a7eaf37d468f85320947eb580daea90a",
                "sha256:9d48fd4a1c2d98ec6686511717f0980d36f5590e038d5afe4e5241f328f06e38",
                "sha256:af12fbff15a9652ef117456d1d6a4d6fade8fdc02670d6fd31212402e9d03559",
                "sha256:b2b72a0742a493979c348dc3c9a329bd5b87e4243ffecf837b1c8739d58410ba",
                "sha256:bda784ebb116d56d3e7133c8e0942cf68cb7fd58bdccf57231dbe56b6430eb01",
                "sha256:df2784a474028b15a723f6b347625f1f91740de418bed4a0a2694c954de34dd7",
                "sha256:e2b47a8e0126ec0a3820a2e299a94a6fc29ba132249957dd32c447d380eaae5f",
                "sha256:e4b9b443e88735be4927529d66d9e1164b4fbd6a882e90114967eedc6ad608e7"
            ],
            "index": "pypi",
            "version": "==3.5.67"
        },
        "requests": {
            "hashes": [
                "sha256:27973dd4a904a4f13b263a19c866c13b92a39ed1c964655f025f3f8d3d75b804",
                "sha256:c210084e36a42ae6b9219e00e48287def368a26d03a048ddad7bfee44f75871e"
            ],
            "index": "pypi",
            "version": "==2.25.1"
        },
        "six": {
            "hashes": [
                "sha256:1e61c37477a1626458e36f7b1d82aa5c9b094fa4802892072e49de9c60c4c926",
                "sha256:8abb2f1d86890a2dfb989f9a77cfcfd3e47c2a354b01111771326f8aa26e0254"
            ],
            "markers": "python_version >= '2.7' and python_version not in '3.0, 3.1, 3.2, 3.3'",
            "version": "==1.16.0"
        },
        "soupsieve": {
            "hashes": [
                "sha256:052774848f448cf19c7e959adf5566904d525f33a3f8b6ba6f6f8f26ec7de0cc",
                "sha256:c2c1c2d44f158cdbddab7824a9af8c4f83c76b1e23e049479aa432feb6c4c23b"
            ],
            "index": "pypi",
            "version": "==2.2.1"
        },
        "toml": {
            "hashes": [
                "sha256:229f81c57791a41d65e399fc06bf0848bab550a9dfd5ed66df18ce5f05e73d5c",
                "sha256:235682dd292d5899d361a811df37e04a8828a5b1da3115886b73cf81ebc9100e",
                "sha256:f1db651f9657708513243e61e6cc67d101a39bad662eaa9b5546f789338e07a3"
            ],
            "index": "pypi",
            "version": "==0.10.0"
        },
        "urllib3": {
            "hashes": [
                "sha256:000ca7f471a233c2251c6c7023ee85305721bfdf18621ebff4fd17a8653427ed",
                "sha256:0e7c33d9a63e7ddfcb86780aac87befc2fbddf46c58dbb487e0855f7ceec283c"
            ],
            "markers": "python_version >= '2.7' and python_version not in '3.0, 3.1, 3.2, 3.3, 3.4' and python_version < '4'",
            "version": "==1.26.8"
        },
        "webencodings": {
            "hashes": [
                "sha256:a0af1213f3c2226497a97e2b3aa01a7e4bee4f403f95be16fc9acd2947514a78",
                "sha256:b36a1c245f2d304965eb4e0a82848379241dc04b865afcc4aab16748587e1923"
            ],
            "version": "==0.5.1"
        },
        "xhtml2pdf": {
            "hashes": [
                "sha256:6793fbbdcb6bb8a4a70132966d8d95e95ea3498cdf0e82252d2b8e9aae34fcb5"
            ],
            "index": "pypi",
            "version": "==0.2.4"
        }
    },
    "develop": {}
}
