{
    "_meta": {
        "hash": {
            "sha256": "c81872825121e1d7ad7bd1d67b76ba97ea6fb725b9fbc77dbf6f5b1c3d2ec466"
        },
        "pipfile-spec": 6,
        "requires": {
            "python_version": "3.8"
        },
        "sources": [
            {
                "name": "pypi",
                "url": "https://pypi.python.org/simple",
                "verify_ssl": true
            }
        ]
    },
    "default": {
        "beautifulsoup4": {
            "hashes": [
                "sha256:05668158c7b85b791c5abde53e50265e16f98ad601c402ba44d70f96c4159612",
                "sha256:25288c9e176f354bf277c0a10aa96c782a6a18a17122dba2e8cec4a97e03343b",
                "sha256:f040590be10520f2ea4c2ae8c3dae441c7cfff5308ec9d58a0ec0c1b8f81d469"
            ],
            "index": "pypi",
            "version": "==4.8.0"
        },
        "certifi": {
            "hashes": [
                "sha256:1a4995114262bffbc2413b159f2a1a480c969de6e6eb13ee966d470af86af59c",
                "sha256:719a74fb9e33b9bd44cc7f3a8d94bc35e4049deebe19ba7d8e108280cfd59830"
            ],
            "index": "pypi",
            "version": "==2020.12.5"
        },
        "chardet": {
            "hashes": [
                "sha256:0d6f53a15db4120f2b08c94f11e7d93d2c911ee118b6b30a04ec3ee8310179fa",
                "sha256:f864054d66fd9118f2e67044ac8981a54775ec5b67aed0441892edb553d21da5"
            ],
            "version": "==4.0.0"
        },
        "html5lib": {
            "hashes": [
                "sha256:0d78f8fde1c230e99fe37986a60526d7049ed4bf8a9fadbad5f00e22e58e041d",
                "sha256:b2e5b40261e20f354d198eae92afc10d750afb487ed5e50f9c4eaf07c184146f"
            ],
            "version": "==1.1"
        },
        "idna": {
            "hashes": [
                "sha256:b307872f855b18632ce0c21c5e45be78c0ea7ae4c15c828c20788b26921eb3f6",
                "sha256:b97d804b1e9b523befed77c48dacec60e6dcb0b5391d57af6a65a312a90648c0"
            ],
            "version": "==2.10"
        },
        "pillow": {
            "hashes": [
                "sha256:15306d71a1e96d7e271fd2a0737038b5a92ca2978d2e38b6ced7966583e3d5af",
                "sha256:1940fc4d361f9cc7e558d6f56ff38d7351b53052fd7911f4b60cd7bc091ea3b1",
                "sha256:1f93f2fe211f1ef75e6f589327f4d4f8545d5c8e826231b042b483d8383e8a7c",
                "sha256:30d33a1a6400132e6f521640dd3f64578ac9bfb79a619416d7e8802b4ce1dd55",
                "sha256:328240f7dddf77783e72d5ed79899a6b48bc6681f8d1f6001f55933cb4905060",
                "sha256:46c2bcf8e1e75d154e78417b3e3c64e96def738c2a25435e74909e127a8cba5e",
                "sha256:5762ebb4436f46b566fc6351d67a9b5386b5e5de4e58fdaa18a1c83e0e20f1a8",
                "sha256:5a2d957eb4aba9d48170b8fe6538ec1fbc2119ffe6373782c03d8acad3323f2e",
                "sha256:5cf03b9534aca63b192856aa601c68d0764810857786ea5da652581f3a44c2b0",
                "sha256:5daba2b40782c1c5157a788ec4454067c6616f5a0c1b70e26ac326a880c2d328",
                "sha256:63cd413ac52ee3f67057223d363f4f82ce966e64906aea046daf46695e3c8238",
                "sha256:6efac40344d8f668b6c4533ae02a48d52fd852ef0654cc6f19f6ac146399c733",
                "sha256:71b01ee69e7df527439d7752a2ce8fb89e19a32df484a308eca3e81f673d3a03",
                "sha256:71f31ee4df3d5e0b366dd362007740106d3210fb6a56ec4b581a5324ba254f06",
                "sha256:72027ebf682abc9bafd93b43edc44279f641e8996fb2945104471419113cfc71",
                "sha256:74cd9aa648ed6dd25e572453eb09b08817a1e3d9f8d1bd4d8403d99e42ea790b",
                "sha256:81b3716cc9744ffdf76b39afb6247eae754186838cedad0b0ac63b2571253fe6",
                "sha256:8565355a29655b28fdc2c666fd9a3890fe5edc6639d128814fafecfae2d70910",
                "sha256:87f42c976f91ca2fc21a3293e25bd3cd895918597db1b95b93cbd949f7d019ce",
                "sha256:89e4c757a91b8c55d97c91fa09c69b3677c227b942fa749e9a66eef602f59c28",
                "sha256:8c4e32218c764bc27fe49b7328195579581aa419920edcc321c4cb877c65258d",
                "sha256:903293320efe2466c1ab3509a33d6b866dc850cfd0c5d9cc92632014cec185fb",
                "sha256:90882c6f084ef68b71bba190209a734bf90abb82ab5e8f64444c71d5974008c6",
                "sha256:98afcac3205d31ab6a10c5006b0cf040d0026a68ec051edd3517b776c1d78b09",
                "sha256:a01da2c266d9868c4f91a9c6faf47a251f23b9a862dce81d2ff583135206f5be",
                "sha256:aeab4cd016e11e7aa5cfc49dcff8e51561fa64818a0be86efa82c7038e9369d0",
                "sha256:b07c660e014852d98a00a91adfbe25033898a9d90a8f39beb2437d22a203fc44",
                "sha256:bead24c0ae3f1f6afcb915a057943ccf65fc755d11a1410a909c1fefb6c06ad1",
                "sha256:d1d6bca39bb6dd94fba23cdb3eeaea5e30c7717c5343004d900e2a63b132c341",
                "sha256:e2cd8ac157c1e5ae88b6dd790648ee5d2777e76f1e5c7d184eaddb2938594f34",
                "sha256:e5739ae63636a52b706a0facec77b2b58e485637e1638202556156e424a02dc2",
                "sha256:f36c3ff63d6fc509ce599a2f5b0d0732189eed653420e7294c039d342c6e204a",
                "sha256:f91b50ad88048d795c0ad004abbe1390aa1882073b1dca10bfd55d0b8cf18ec5"
            ],
            "index": "pypi",
            "version": "==8.1.2"
        },
        "pypdf2": {
            "hashes": [
                "sha256:e28f902f2f0a1603ea95ebe21dff311ef09be3d0f0ef29a3e44a932729564385"
            ],
            "version": "==1.26.0"
        },
        "pyqt5": {
            "hashes": [
                "sha256:213bebd51821ed89b4d5b35bb10dbe67564228b3568f463a351a08e8b1677025",
                "sha256:2a69597e0dd11caabe75fae133feca66387819fc9bc050f547e5551bce97e5be",
                "sha256:883a549382fc22d29a0568f3ef20b38c8e7ab633a59498ac4eb63a3bf36d3fd3",
                "sha256:8c0848ba790a895801d5bfd171da31cad3e551dbcc4e59677a3b622de2ceca98",
                "sha256:a88526a271e846e44779bb9ad7a738c6d3c4a9d01e15a128ecfc6dd4696393b7"
            ],
            "index": "pypi",
            "version": "==5.15.4"
        },
        "pyqt5-qt5": {
            "hashes": [
                "sha256:1988f364ec8caf87a6ee5d5a3a5210d57539988bf8e84714c7d60972692e2f4a",
                "sha256:750b78e4dba6bdf1607febedc08738e318ea09e9b10aea9ff0d73073f11f6962",
                "sha256:76980cd3d7ae87e3c7a33bfebfaee84448fd650bad6840471d6cae199b56e154",
                "sha256:9cc7a768b1921f4b982ebc00a318ccb38578e44e45316c7a4a850e953e1dd327"
            ],
            "version": "==5.15.2"
        },
        "pyqt5-sip": {
            "hashes": [
                "sha256:055581c6fed44ba4302b70eeb82e979ff70400037358908f251cd85cbb3dbd93",
                "sha256:42274a501ab4806d2c31659170db14c282b8313d2255458064666d9e70d96206",
                "sha256:4347bd81d30c8e3181e553b3734f91658cfbdd8f1a19f254777f906870974e6d",
                "sha256:4f8e05fe01d54275877c59018d8e82dcdd0bc5696053a8b830eecea3ce806121",
                "sha256:69a3ad4259172e2b1aa9060de211efac39ddd734a517b1924d9c6c0cc4f55f96",
                "sha256:6a8701892a01a5a2a4720872361197cc80fdd5f49c8482d488ddf38c9c84f055",
                "sha256:83c3220b1ca36eb8623ba2eb3766637b19eb0ce9f42336ad8253656d32750c0a",
                "sha256:a25b9843c7da6a1608f310879c38e6434331aab1dc2fe6cb65c14f1ecf33780e",
                "sha256:ac57d796c78117eb39edd1d1d1aea90354651efac9d3590aac67fa4983f99f1f",
                "sha256:b09f4cd36a4831229fb77c424d89635fa937d97765ec90685e2f257e56a2685a",
                "sha256:c446971c360a0a1030282a69375a08c78e8a61d568bfd6dab3dcc5cf8817f644",
                "sha256:c5216403d4d8d857ec4a61f631d3945e44fa248aa2415e9ee9369ab7c8a4d0c7",
                "sha256:d3e4489d7c2b0ece9d203ae66e573939f7f60d4d29e089c9f11daa17cfeaae32",
                "sha256:d85002238b5180bce4b245c13d6face848faa1a7a9e5c6e292025004f2fd619a",
                "sha256:d8b2bdff7bbf45bc975c113a03b14fd669dc0c73e1327f02706666a7dd51a197",
                "sha256:dd05c768c2b55ffe56a9d49ce6cc77cdf3d53dbfad935258a9e347cbfd9a5850",
                "sha256:fc43f2d7c438517ee33e929e8ae77132749c15909afab6aeece5fcf4147ffdb5"
            ],
            "version": "==12.9.0"
        },
        "reportlab": {
            "hashes": [
                "sha256:13ac281c8d5c904089022377bd9646c910deae63e7342dd9552088d330d73e89",
                "sha256:14f38792176e41642f9ea7a83678df156d8abb3a90bbe396425a200614eed03d",
                "sha256:15aeb8f8bdad5fa666d18a7d229bc7eb8f4e5a1dc8423931b3e690b6ce5021bc",
                "sha256:1db86072b0ec3e5f9c5ab2980c61658ae3acee86e204b0d4c48112bc5cffd2f5",
                "sha256:202109018f40d620812cf30dc300ea73385aed305d1de63c42229cb881821ffb",
                "sha256:30e82ec00c566c4d8bfdcca0b93131749cc51ea0884395054d2afedf266f3f29",
                "sha256:374252d118719e7b9b1bd0e5ce3f7083b5aaaeb1a9422983aa63b116621d34ae",
                "sha256:3c1be70cf168ed29a449a009d7cad6dcc3e45d129f7ddb07b3854b8cee8d125b",
                "sha256:45fe94e90c6b48c4ae877339b777fcc4f822795c1d4c7a0d6cffaf24987199b1",
                "sha256:536f1ebf951cd48623974ba160c95e7c7219d4aa5664cdae17dffa2f19cf1cf3",
                "sha256:54827fa29843b15834e5bc618508f245f3addee7bf980eebacfebb74f150e611",
                "sha256:55c903f8aea4fbfca26f9f821c77c576c9791ce487ddfa3ffa1f2c44c5af79e2",
                "sha256:63fba51babad0047def4ffaa41d0065248ca39d680e98dc9e3010de5425539b4",
                "sha256:6fc3f01e9005ac53d639eafe22b3852937e42161d74a7d0681bc83f48cff1b30",
                "sha256:6ff269ea41daa5cfd6124b13da1481fc40db2539fa82107dd9675f6670d95c25",
                "sha256:7711fcdb0c1edfb48dcffd7e73430e9b5ceba0816a37fd269a327cd13088bcaf",
                "sha256:7d4a59975a743eddc15895014d738bb38cbdecdd2496f651fb05779486bcb536",
                "sha256:879e1123d49e0df76c478cccdacd4a9f4a2b4b445beec3d72a05f8b3775daa84",
                "sha256:aa1ec9557c0d9dbe3eceb6581220aa1d77c404b8ff3decb40eae0bf075512142",
                "sha256:ad0d3f657addd9c4215faf2699eafd54e89e404e35d696dda9dbe3c126132900",
                "sha256:b784685141fe3fc26d8f703b21f89073a0ce46a800d06b7d58f2ceb481a65644",
                "sha256:bd0870c840d47a6639df17c54f0c5676a06ab6798bb92ed8ef9b983c0326c2d0",
                "sha256:bdb0781d1d4d1ed0745f5f22c06ed60760865511e65046432d145f55fd908f60",
                "sha256:ce04f4bf9d15895bbfee6d53eb168cffd9fcedc625f0fcb5c343d809d0b37271",
                "sha256:cf76145a89bb0ebf562c3252ce4d254547fe59daeb80ce2076d89867e9c03735",
                "sha256:e8ebb34f30a11ac4196ae83d0b4f1f87bbe326c0f8a6eb4b768e622ec7f017f5",
                "sha256:ed4b80c24a4e5e91927aa95901cce3f6fef7551e94a72ac5a2fa22740708cbff",
                "sha256:f8a8f8b62cc150f71310e444ded4e32e7136c75aced6738877c3328e84338c94",
                "sha256:fdf604246a5318157a581a483ceb0aab858582b478b24016768fdaff1c190f50"
            ],
            "index": "pypi",
            "version": "==3.5.66"
        },
        "requests": {
            "hashes": [
                "sha256:27973dd4a904a4f13b263a19c866c13b92a39ed1c964655f025f3f8d3d75b804",
                "sha256:c210084e36a42ae6b9219e00e48287def368a26d03a048ddad7bfee44f75871e"
            ],
            "index": "pypi",
            "version": "==2.25.1"
        },
        "six": {
            "hashes": [
                "sha256:1e61c37477a1626458e36f7b1d82aa5c9b094fa4802892072e49de9c60c4c926",
                "sha256:8abb2f1d86890a2dfb989f9a77cfcfd3e47c2a354b01111771326f8aa26e0254"
            ],
            "version": "==1.16.0"
        },
        "soupsieve": {
            "hashes": [
                "sha256:052774848f448cf19c7e959adf5566904d525f33a3f8b6ba6f6f8f26ec7de0cc",
                "sha256:c2c1c2d44f158cdbddab7824a9af8c4f83c76b1e23e049479aa432feb6c4c23b"
            ],
            "index": "pypi",
            "version": "==2.2.1"
        },
        "toml": {
            "hashes": [
                "sha256:229f81c57791a41d65e399fc06bf0848bab550a9dfd5ed66df18ce5f05e73d5c",
                "sha256:235682dd292d5899d361a811df37e04a8828a5b1da3115886b73cf81ebc9100e"
            ],
            "index": "pypi",
            "version": "==0.10.0"
        },
        "urllib3": {
            "hashes": [
                "sha256:753a0374df26658f99d826cfe40394a686d05985786d946fbe4165b5148f5a7c",
                "sha256:a7acd0977125325f516bda9735fa7142b909a8d01e8b2e4c8108d0984e6e0098"
            ],
            "index": "pypi",
            "version": "==1.26.5"
        },
        "webencodings": {
            "hashes": [
                "sha256:a0af1213f3c2226497a97e2b3aa01a7e4bee4f403f95be16fc9acd2947514a78",
                "sha256:b36a1c245f2d304965eb4e0a82848379241dc04b865afcc4aab16748587e1923"
            ],
            "version": "==0.5.1"
        },
        "xhtml2pdf": {
            "hashes": [
                "sha256:6793fbbdcb6bb8a4a70132966d8d95e95ea3498cdf0e82252d2b8e9aae34fcb5"
            ],
            "index": "pypi",
            "version": "==0.2.4"
        }
    },
    "develop": {}
}
